// !$*UTF8*$!
{
	archiveVersion = 1;
	classes = {
	};
	objectVersion = 50;
	objects = {

/* Begin PBXBuildFile section */
		BF50962121A55DBB00406A16 /* AppDelegate.swift in Sources */ = {isa = PBXBuildFile; fileRef = BF50962021A55DBB00406A16 /* AppDelegate.swift */; };
		BF50962321A55DBB00406A16 /* ViewController.swift in Sources */ = {isa = PBXBuildFile; fileRef = BF50962221A55DBB00406A16 /* ViewController.swift */; };
		BF50962621A55DBB00406A16 /* Main.storyboard in Resources */ = {isa = PBXBuildFile; fileRef = BF50962421A55DBB00406A16 /* Main.storyboard */; };
		BF50962821A55DBD00406A16 /* Assets.xcassets in Resources */ = {isa = PBXBuildFile; fileRef = BF50962721A55DBD00406A16 /* Assets.xcassets */; };
		BF50962B21A55DBD00406A16 /* LaunchScreen.storyboard in Resources */ = {isa = PBXBuildFile; fileRef = BF50962921A55DBD00406A16 /* LaunchScreen.storyboard */; };
		BF50963621A55DBD00406A16 /* TabSliderDemoTests.swift in Sources */ = {isa = PBXBuildFile; fileRef = BF50963521A55DBD00406A16 /* TabSliderDemoTests.swift */; };
		BF50964121A55DBD00406A16 /* TabSliderDemoUITests.swift in Sources */ = {isa = PBXBuildFile; fileRef = BF50964021A55DBD00406A16 /* TabSliderDemoUITests.swift */; };
		BF50965321A55DE700406A16 /* SlideView.swift in Sources */ = {isa = PBXBuildFile; fileRef = BF50964F21A55DE700406A16 /* SlideView.swift */; };
		BF50965421A55DE700406A16 /* TabbarView.swift in Sources */ = {isa = PBXBuildFile; fileRef = BF50965021A55DE700406A16 /* TabbarView.swift */; };
		BF50965521A55DE700406A16 /* TabSlideView.swift in Sources */ = {isa = PBXBuildFile; fileRef = BF50965121A55DE700406A16 /* TabSlideView.swift */; };
		BF50965621A55DE700406A16 /* TabCache.swift in Sources */ = {isa = PBXBuildFile; fileRef = BF50965221A55DE700406A16 /* TabCache.swift */; };
		BF50965821A55F0400406A16 /* Extension+View+Frame.swift in Sources */ = {isa = PBXBuildFile; fileRef = BF50965721A55F0400406A16 /* Extension+View+Frame.swift */; };
/* End PBXBuildFile section */

/* Begin PBXContainerItemProxy section */
		BF50963221A55DBD00406A16 /* PBXContainerItemProxy */ = {
			isa = PBXContainerItemProxy;
			containerPortal = BF50961521A55DBB00406A16 /* Project object */;
			proxyType = 1;
			remoteGlobalIDString = BF50961C21A55DBB00406A16;
			remoteInfo = TabSliderDemo;
		};
		BF50963D21A55DBD00406A16 /* PBXContainerItemProxy */ = {
			isa = PBXContainerItemProxy;
			containerPortal = BF50961521A55DBB00406A16 /* Project object */;
			proxyType = 1;
			remoteGlobalIDString = BF50961C21A55DBB00406A16;
			remoteInfo = TabSliderDemo;
		};
/* End PBXContainerItemProxy section */

/* Begin PBXFileReference section */
		BF50961D21A55DBB00406A16 /* TabSliderDemo.app */ = {isa = PBXFileReference; explicitFileType = wrapper.application; includeInIndex = 0; path = TabSliderDemo.app; sourceTree = BUILT_PRODUCTS_DIR; };
		BF50962021A55DBB00406A16 /* AppDelegate.swift */ = {isa = PBXFileReference; lastKnownFileType = sourcecode.swift; path = AppDelegate.swift; sourceTree = "<group>"; };
		BF50962221A55DBB00406A16 /* ViewController.swift */ = {isa = PBXFileReference; lastKnownFileType = sourcecode.swift; path = ViewController.swift; sourceTree = "<group>"; };
		BF50962521A55DBB00406A16 /* Base */ = {isa = PBXFileReference; lastKnownFileType = file.storyboard; name = Base; path = Base.lproj/Main.storyboard; sourceTree = "<group>"; };
		BF50962721A55DBD00406A16 /* Assets.xcassets */ = {isa = PBXFileReference; lastKnownFileType = folder.assetcatalog; path = Assets.xcassets; sourceTree = "<group>"; };
		BF50962A21A55DBD00406A16 /* Base */ = {isa = PBXFileReference; lastKnownFileType = file.storyboard; name = Base; path = Base.lproj/LaunchScreen.storyboard; sourceTree = "<group>"; };
		BF50962C21A55DBD00406A16 /* Info.plist */ = {isa = PBXFileReference; lastKnownFileType = text.plist.xml; path = Info.plist; sourceTree = "<group>"; };
		BF50963121A55DBD00406A16 /* TabSliderDemoTests.xctest */ = {isa = PBXFileReference; explicitFileType = wrapper.cfbundle; includeInIndex = 0; path = TabSliderDemoTests.xctest; sourceTree = BUILT_PRODUCTS_DIR; };
		BF50963521A55DBD00406A16 /* TabSliderDemoTests.swift */ = {isa = PBXFileReference; lastKnownFileType = sourcecode.swift; path = TabSliderDemoTests.swift; sourceTree = "<group>"; };
		BF50963721A55DBD00406A16 /* Info.plist */ = {isa = PBXFileReference; lastKnownFileType = text.plist.xml; path = Info.plist; sourceTree = "<group>"; };
		BF50963C21A55DBD00406A16 /* TabSliderDemoUITests.xctest */ = {isa = PBXFileReference; explicitFileType = wrapper.cfbundle; includeInIndex = 0; path = TabSliderDemoUITests.xctest; sourceTree = BUILT_PRODUCTS_DIR; };
		BF50964021A55DBD00406A16 /* TabSliderDemoUITests.swift */ = {isa = PBXFileReference; lastKnownFileType = sourcecode.swift; path = TabSliderDemoUITests.swift; sourceTree = "<group>"; };
		BF50964221A55DBD00406A16 /* Info.plist */ = {isa = PBXFileReference; lastKnownFileType = text.plist.xml; path = Info.plist; sourceTree = "<group>"; };
		BF50964F21A55DE700406A16 /* SlideView.swift */ = {isa = PBXFileReference; fileEncoding = 4; lastKnownFileType = sourcecode.swift; path = SlideView.swift; sourceTree = "<group>"; };
		BF50965021A55DE700406A16 /* TabbarView.swift */ = {isa = PBXFileReference; fileEncoding = 4; lastKnownFileType = sourcecode.swift; path = TabbarView.swift; sourceTree = "<group>"; };
		BF50965121A55DE700406A16 /* TabSlideView.swift */ = {isa = PBXFileReference; fileEncoding = 4; lastKnownFileType = sourcecode.swift; path = TabSlideView.swift; sourceTree = "<group>"; };
		BF50965221A55DE700406A16 /* TabCache.swift */ = {isa = PBXFileReference; fileEncoding = 4; lastKnownFileType = sourcecode.swift; path = TabCache.swift; sourceTree = "<group>"; };
		BF50965721A55F0400406A16 /* Extension+View+Frame.swift */ = {isa = PBXFileReference; lastKnownFileType = sourcecode.swift; path = "Extension+View+Frame.swift"; sourceTree = "<group>"; };
/* End PBXFileReference section */

/* Begin PBXFrameworksBuildPhase section */
		BF50961A21A55DBB00406A16 /* Frameworks */ = {
			isa = PBXFrameworksBuildPhase;
			buildActionMask = 2147483647;
			files = (
			);
			runOnlyForDeploymentPostprocessing = 0;
		};
		BF50962E21A55DBD00406A16 /* Frameworks */ = {
			isa = PBXFrameworksBuildPhase;
			buildActionMask = 2147483647;
			files = (
			);
			runOnlyForDeploymentPostprocessing = 0;
		};
		BF50963921A55DBD00406A16 /* Frameworks */ = {
			isa = PBXFrameworksBuildPhase;
			buildActionMask = 2147483647;
			files = (
			);
			runOnlyForDeploymentPostprocessing = 0;
		};
/* End PBXFrameworksBuildPhase section */

/* Begin PBXGroup section */
		BF50961421A55DBB00406A16 = {
			isa = PBXGroup;
			children = (
				BF50961F21A55DBB00406A16 /* TabSliderDemo */,
				BF50963421A55DBD00406A16 /* TabSliderDemoTests */,
				BF50963F21A55DBD00406A16 /* TabSliderDemoUITests */,
				BF50961E21A55DBB00406A16 /* Products */,
			);
			sourceTree = "<group>";
		};
		BF50961E21A55DBB00406A16 /* Products */ = {
			isa = PBXGroup;
			children = (
				BF50961D21A55DBB00406A16 /* TabSliderDemo.app */,
				BF50963121A55DBD00406A16 /* TabSliderDemoTests.xctest */,
				BF50963C21A55DBD00406A16 /* TabSliderDemoUITests.xctest */,
			);
			name = Products;
			sourceTree = "<group>";
		};
		BF50961F21A55DBB00406A16 /* TabSliderDemo */ = {
			isa = PBXGroup;
			children = (
				BF50964E21A55DE700406A16 /* TabSlide */,
				BF50962021A55DBB00406A16 /* AppDelegate.swift */,
				BF50962221A55DBB00406A16 /* ViewController.swift */,
				BF50962421A55DBB00406A16 /* Main.storyboard */,
				BF50962721A55DBD00406A16 /* Assets.xcassets */,
				BF50962921A55DBD00406A16 /* LaunchScreen.storyboard */,
				BF50962C21A55DBD00406A16 /* Info.plist */,
			);
			path = TabSliderDemo;
			sourceTree = "<group>";
		};
		BF50963421A55DBD00406A16 /* TabSliderDemoTests */ = {
			isa = PBXGroup;
			children = (
				BF50963521A55DBD00406A16 /* TabSliderDemoTests.swift */,
				BF50963721A55DBD00406A16 /* Info.plist */,
			);
			path = TabSliderDemoTests;
			sourceTree = "<group>";
		};
		BF50963F21A55DBD00406A16 /* TabSliderDemoUITests */ = {
			isa = PBXGroup;
			children = (
				BF50964021A55DBD00406A16 /* TabSliderDemoUITests.swift */,
				BF50964221A55DBD00406A16 /* Info.plist */,
			);
			path = TabSliderDemoUITests;
			sourceTree = "<group>";
		};
		BF50964E21A55DE700406A16 /* TabSlide */ = {
			isa = PBXGroup;
			children = (
				BF50964F21A55DE700406A16 /* SlideView.swift */,
				BF50965021A55DE700406A16 /* TabbarView.swift */,
				BF50965121A55DE700406A16 /* TabSlideView.swift */,
				BF50965221A55DE700406A16 /* TabCache.swift */,
				BF50965721A55F0400406A16 /* Extension+View+Frame.swift */,
			);
			path = TabSlide;
			sourceTree = "<group>";
		};
/* End PBXGroup section */

/* Begin PBXNativeTarget section */
		BF50961C21A55DBB00406A16 /* TabSliderDemo */ = {
			isa = PBXNativeTarget;
			buildConfigurationList = BF50964521A55DBD00406A16 /* Build configuration list for PBXNativeTarget "TabSliderDemo" */;
			buildPhases = (
				BF50961921A55DBB00406A16 /* Sources */,
				BF50961A21A55DBB00406A16 /* Frameworks */,
				BF50961B21A55DBB00406A16 /* Resources */,
			);
			buildRules = (
			);
			dependencies = (
			);
			name = TabSliderDemo;
			productName = TabSliderDemo;
			productReference = BF50961D21A55DBB00406A16 /* TabSliderDemo.app */;
			productType = "com.apple.product-type.application";
		};
		BF50963021A55DBD00406A16 /* TabSliderDemoTests */ = {
			isa = PBXNativeTarget;
			buildConfigurationList = BF50964821A55DBD00406A16 /* Build configuration list for PBXNativeTarget "TabSliderDemoTests" */;
			buildPhases = (
				BF50962D21A55DBD00406A16 /* Sources */,
				BF50962E21A55DBD00406A16 /* Frameworks */,
				BF50962F21A55DBD00406A16 /* Resources */,
			);
			buildRules = (
			);
			dependencies = (
				BF50963321A55DBD00406A16 /* PBXTargetDependency */,
			);
			name = TabSliderDemoTests;
			productName = TabSliderDemoTests;
			productReference = BF50963121A55DBD00406A16 /* TabSliderDemoTests.xctest */;
			productType = "com.apple.product-type.bundle.unit-test";
		};
		BF50963B21A55DBD00406A16 /* TabSliderDemoUITests */ = {
			isa = PBXNativeTarget;
			buildConfigurationList = BF50964B21A55DBD00406A16 /* Build configuration list for PBXNativeTarget "TabSliderDemoUITests" */;
			buildPhases = (
				BF50963821A55DBD00406A16 /* Sources */,
				BF50963921A55DBD00406A16 /* Frameworks */,
				BF50963A21A55DBD00406A16 /* Resources */,
			);
			buildRules = (
			);
			dependencies = (
				BF50963E21A55DBD00406A16 /* PBXTargetDependency */,
			);
			name = TabSliderDemoUITests;
			productName = TabSliderDemoUITests;
			productReference = BF50963C21A55DBD00406A16 /* TabSliderDemoUITests.xctest */;
			productType = "com.apple.product-type.bundle.ui-testing";
		};
/* End PBXNativeTarget section */

/* Begin PBXProject section */
		BF50961521A55DBB00406A16 /* Project object */ = {
			isa = PBXProject;
			attributes = {
				LastSwiftUpdateCheck = 1010;
				LastUpgradeCheck = 1010;
				ORGANIZATIONNAME = ayzk;
				TargetAttributes = {
					BF50961C21A55DBB00406A16 = {
						CreatedOnToolsVersion = 10.1;
					};
					BF50963021A55DBD00406A16 = {
						CreatedOnToolsVersion = 10.1;
						TestTargetID = BF50961C21A55DBB00406A16;
					};
					BF50963B21A55DBD00406A16 = {
						CreatedOnToolsVersion = 10.1;
						TestTargetID = BF50961C21A55DBB00406A16;
					};
				};
			};
			buildConfigurationList = BF50961821A55DBB00406A16 /* Build configuration list for PBXProject "TabSliderDemo" */;
			compatibilityVersion = "Xcode 9.3";
			developmentRegion = en;
			hasScannedForEncodings = 0;
			knownRegions = (
				en,
				Base,
			);
			mainGroup = BF50961421A55DBB00406A16;
			productRefGroup = BF50961E21A55DBB00406A16 /* Products */;
			projectDirPath = "";
			projectRoot = "";
			targets = (
				BF50961C21A55DBB00406A16 /* TabSliderDemo */,
				BF50963021A55DBD00406A16 /* TabSliderDemoTests */,
				BF50963B21A55DBD00406A16 /* TabSliderDemoUITests */,
			);
		};
/* End PBXProject section */

/* Begin PBXResourcesBuildPhase section */
		BF50961B21A55DBB00406A16 /* Resources */ = {
			isa = PBXResourcesBuildPhase;
			buildActionMask = 2147483647;
			files = (
				BF50962B21A55DBD00406A16 /* LaunchScreen.storyboard in Resources */,
				BF50962821A55DBD00406A16 /* Assets.xcassets in Resources */,
				BF50962621A55DBB00406A16 /* Main.storyboard in Resources */,
			);
			runOnlyForDeploymentPostprocessing = 0;
		};
		BF50962F21A55DBD00406A16 /* Resources */ = {
			isa = PBXResourcesBuildPhase;
			buildActionMask = 2147483647;
			files = (
			);
			runOnlyForDeploymentPostprocessing = 0;
		};
		BF50963A21A55DBD00406A16 /* Resources */ = {
			isa = PBXResourcesBuildPhase;
			buildActionMask = 2147483647;
			files = (
			);
			runOnlyForDeploymentPostprocessing = 0;
		};
/* End PBXResourcesBuildPhase section */

/* Begin PBXSourcesBuildPhase section */
		BF50961921A55DBB00406A16 /* Sources */ = {
			isa = PBXSourcesBuildPhase;
			buildActionMask = 2147483647;
			files = (
				BF50965321A55DE700406A16 /* SlideView.swift in Sources */,
				BF50962321A55DBB00406A16 /* ViewController.swift in Sources */,
				BF50965421A55DE700406A16 /* TabbarView.swift in Sources */,
				BF50962121A55DBB00406A16 /* AppDelegate.swift in Sources */,
				BF50965621A55DE700406A16 /* TabCache.swift in Sources */,
				BF50965521A55DE700406A16 /* TabSlideView.swift in Sources */,
				BF50965821A55F0400406A16 /* Extension+View+Frame.swift in Sources */,
			);
			runOnlyForDeploymentPostprocessing = 0;
		};
		BF50962D21A55DBD00406A16 /* Sources */ = {
			isa = PBXSourcesBuildPhase;
			buildActionMask = 2147483647;
			files = (
				BF50963621A55DBD00406A16 /* TabSliderDemoTests.swift in Sources */,
			);
			runOnlyForDeploymentPostprocessing = 0;
		};
		BF50963821A55DBD00406A16 /* Sources */ = {
			isa = PBXSourcesBuildPhase;
			buildActionMask = 2147483647;
			files = (
				BF50964121A55DBD00406A16 /* TabSliderDemoUITests.swift in Sources */,
			);
			runOnlyForDeploymentPostprocessing = 0;
		};
/* End PBXSourcesBuildPhase section */

/* Begin PBXTargetDependency section */
		BF50963321A55DBD00406A16 /* PBXTargetDependency */ = {
			isa = PBXTargetDependency;
			target = BF50961C21A55DBB00406A16 /* TabSliderDemo */;
			targetProxy = BF50963221A55DBD00406A16 /* PBXContainerItemProxy */;
		};
		BF50963E21A55DBD00406A16 /* PBXTargetDependency */ = {
			isa = PBXTargetDependency;
			target = BF50961C21A55DBB00406A16 /* TabSliderDemo */;
			targetProxy = BF50963D21A55DBD00406A16 /* PBXContainerItemProxy */;
		};
/* End PBXTargetDependency section */

/* Begin PBXVariantGroup section */
		BF50962421A55DBB00406A16 /* Main.storyboard */ = {
			isa = PBXVariantGroup;
			children = (
				BF50962521A55DBB00406A16 /* Base */,
			);
			name = Main.storyboard;
			sourceTree = "<group>";
		};
		BF50962921A55DBD00406A16 /* LaunchScreen.storyboard */ = {
			isa = PBXVariantGroup;
			children = (
				BF50962A21A55DBD00406A16 /* Base */,
			);
			name = LaunchScreen.storyboard;
			sourceTree = "<group>";
		};
/* End PBXVariantGroup section */

/* Begin XCBuildConfiguration section */
		BF50964321A55DBD00406A16 /* Debug */ = {
			isa = XCBuildConfiguration;
			buildSettings = {
				ALWAYS_SEARCH_USER_PATHS = NO;
				CLANG_ANALYZER_NONNULL = YES;
				CLANG_ANALYZER_NUMBER_OBJECT_CONVERSION = YES_AGGRESSIVE;
				CLANG_CXX_LANGUAGE_STANDARD = "gnu++14";
				CLANG_CXX_LIBRARY = "libc++";
				CLANG_ENABLE_MODULES = YES;
				CLANG_ENABLE_OBJC_ARC = YES;
				CLANG_ENABLE_OBJC_WEAK = YES;
				CLANG_WARN_BLOCK_CAPTURE_AUTORELEASING = YES;
				CLANG_WARN_BOOL_CONVERSION = YES;
				CLANG_WARN_COMMA = YES;
				CLANG_WARN_CONSTANT_CONVERSION = YES;
				CLANG_WARN_DEPRECATED_OBJC_IMPLEMENTATIONS = YES;
				CLANG_WARN_DIRECT_OBJC_ISA_USAGE = YES_ERROR;
				CLANG_WARN_DOCUMENTATION_COMMENTS = YES;
				CLANG_WARN_EMPTY_BODY = YES;
				CLANG_WARN_ENUM_CONVERSION = YES;
				CLANG_WARN_INFINITE_RECURSION = YES;
				CLANG_WARN_INT_CONVERSION = YES;
				CLANG_WARN_NON_LITERAL_NULL_CONVERSION = YES;
				CLANG_WARN_OBJC_IMPLICIT_RETAIN_SELF = YES;
				CLANG_WARN_OBJC_LITERAL_CONVERSION = YES;
				CLANG_WARN_OBJC_ROOT_CLASS = YES_ERROR;
				CLANG_WARN_RANGE_LOOP_ANALYSIS = YES;
				CLANG_WARN_STRICT_PROTOTYPES = YES;
				CLANG_WARN_SUSPICIOUS_MOVE = YES;
				CLANG_WARN_UNGUARDED_AVAILABILITY = YES_AGGRESSIVE;
				CLANG_WARN_UNREACHABLE_CODE = YES;
				CLANG_WARN__DUPLICATE_METHOD_MATCH = YES;
				CODE_SIGN_IDENTITY = "iPhone Developer";
				COPY_PHASE_STRIP = NO;
				DEBUG_INFORMATION_FORMAT = dwarf;
				ENABLE_STRICT_OBJC_MSGSEND = YES;
				ENABLE_TESTABILITY = YES;
				GCC_C_LANGUAGE_STANDARD = gnu11;
				GCC_DYNAMIC_NO_PIC = NO;
				GCC_NO_COMMON_BLOCKS = YES;
				GCC_OPTIMIZATION_LEVEL = 0;
				GCC_PREPROCESSOR_DEFINITIONS = (
					"DEBUG=1",
					"$(inherited)",
				);
				GCC_WARN_64_TO_32_BIT_CONVERSION = YES;
				GCC_WARN_ABOUT_RETURN_TYPE = YES_ERROR;
				GCC_WARN_UNDECLARED_SELECTOR = YES;
				GCC_WARN_UNINITIALIZED_AUTOS = YES_AGGRESSIVE;
				GCC_WARN_UNUSED_FUNCTION = YES;
				GCC_WARN_UNUSED_VARIABLE = YES;
				IPHONEOS_DEPLOYMENT_TARGET = 12.1;
				MTL_ENABLE_DEBUG_INFO = INCLUDE_SOURCE;
				MTL_FAST_MATH = YES;
				ONLY_ACTIVE_ARCH = YES;
				SDKROOT = iphoneos;
				SWIFT_ACTIVE_COMPILATION_CONDITIONS = DEBUG;
				SWIFT_OPTIMIZATION_LEVEL = "-Onone";
			};
			name = Debug;
		};
		BF50964421A55DBD00406A16 /* Release */ = {
			isa = XCBuildConfiguration;
			buildSettings = {
				ALWAYS_SEARCH_USER_PATHS = NO;
				CLANG_ANALYZER_NONNULL = YES;
				CLANG_ANALYZER_NUMBER_OBJECT_CONVERSION = YES_AGGRESSIVE;
				CLANG_CXX_LANGUAGE_STANDARD = "gnu++14";
				CLANG_CXX_LIBRARY = "libc++";
				CLANG_ENABLE_MODULES = YES;
				CLANG_ENABLE_OBJC_ARC = YES;
				CLANG_ENABLE_OBJC_WEAK = YES;
				CLANG_WARN_BLOCK_CAPTURE_AUTORELEASING = YES;
				CLANG_WARN_BOOL_CONVERSION = YES;
				CLANG_WARN_COMMA = YES;
				CLANG_WARN_CONSTANT_CONVERSION = YES;
				CLANG_WARN_DEPRECATED_OBJC_IMPLEMENTATIONS = YES;
				CLANG_WARN_DIRECT_OBJC_ISA_USAGE = YES_ERROR;
				CLANG_WARN_DOCUMENTATION_COMMENTS = YES;
				CLANG_WARN_EMPTY_BODY = YES;
				CLANG_WARN_ENUM_CONVERSION = YES;
				CLANG_WARN_INFINITE_RECURSION = YES;
				CLANG_WARN_INT_CONVERSION = YES;
				CLANG_WARN_NON_LITERAL_NULL_CONVERSION = YES;
				CLANG_WARN_OBJC_IMPLICIT_RETAIN_SELF = YES;
				CLANG_WARN_OBJC_LITERAL_CONVERSION = YES;
				CLANG_WARN_OBJC_ROOT_CLASS = YES_ERROR;
				CLANG_WARN_RANGE_LOOP_ANALYSIS = YES;
				CLANG_WARN_STRICT_PROTOTYPES = YES;
				CLANG_WARN_SUSPICIOUS_MOVE = YES;
				CLANG_WARN_UNGUARDED_AVAILABILITY = YES_AGGRESSIVE;
				CLANG_WARN_UNREACHABLE_CODE = YES;
				CLANG_WARN__DUPLICATE_METHOD_MATCH = YES;
				CODE_SIGN_IDENTITY = "iPhone Developer";
				COPY_PHASE_STRIP = NO;
				DEBUG_INFORMATION_FORMAT = "dwarf-with-dsym";
				ENABLE_NS_ASSERTIONS = NO;
				ENABLE_STRICT_OBJC_MSGSEND = YES;
				GCC_C_LANGUAGE_STANDARD = gnu11;
				GCC_NO_COMMON_BLOCKS = YES;
				GCC_WARN_64_TO_32_BIT_CONVERSION = YES;
				GCC_WARN_ABOUT_RETURN_TYPE = YES_ERROR;
				GCC_WARN_UNDECLARED_SELECTOR = YES;
				GCC_WARN_UNINITIALIZED_AUTOS = YES_AGGRESSIVE;
				GCC_WARN_UNUSED_FUNCTION = YES;
				GCC_WARN_UNUSED_VARIABLE = YES;
				IPHONEOS_DEPLOYMENT_TARGET = 12.1;
				MTL_ENABLE_DEBUG_INFO = NO;
				MTL_FAST_MATH = YES;
				SDKROOT = iphoneos;
				SWIFT_COMPILATION_MODE = wholemodule;
				SWIFT_OPTIMIZATION_LEVEL = "-O";
				VALIDATE_PRODUCT = YES;
			};
			name = Release;
		};
		BF50964621A55DBD00406A16 /* Debug */ = {
			isa = XCBuildConfiguration;
			buildSettings = {
				ASSETCATALOG_COMPILER_APPICON_NAME = AppIcon;
				CODE_SIGN_STYLE = Automatic;
				DEVELOPMENT_TEAM = "";
				INFOPLIST_FILE = TabSliderDemo/Info.plist;
				LD_RUNPATH_SEARCH_PATHS = (
					"$(inherited)",
					"@executable_path/Frameworks",
				);
				PRODUCT_BUNDLE_IDENTIFIER = com.ladyc.TabSliderDemo;
				PRODUCT_NAME = "$(TARGET_NAME)";
				SWIFT_VERSION = 4.0;
				TARGETED_DEVICE_FAMILY = "1,2";
			};
			name = Debug;
		};
		BF50964721A55DBD00406A16 /* Release */ = {
			isa = XCBuildConfiguration;
			buildSettings = {
				ASSETCATALOG_COMPILER_APPICON_NAME = AppIcon;
				CODE_SIGN_STYLE = Automatic;
				DEVELOPMENT_TEAM = "";
				INFOPLIST_FILE = TabSliderDemo/Info.plist;
				LD_RUNPATH_SEARCH_PATHS = (
					"$(inherited)",
					"@executable_path/Frameworks",
				);
				PRODUCT_BUNDLE_IDENTIFIER = com.ladyc.TabSliderDemo;
				PRODUCT_NAME = "$(TARGET_NAME)";
				SWIFT_VERSION = 4.0;
				TARGETED_DEVICE_FAMILY = "1,2";
			};
			name = Release;
		};
		BF50964921A55DBD00406A16 /* Debug */ = {
			isa = XCBuildConfiguration;
			buildSettings = {
				ALWAYS_EMBED_SWIFT_STANDARD_LIBRARIES = YES;
				BUNDLE_LOADER = "$(TEST_HOST)";
				CODE_SIGN_STYLE = Automatic;
				DEVELOPMENT_TEAM = RJ8X6ZPW2T;
				INFOPLIST_FILE = TabSliderDemoTests/Info.plist;
				LD_RUNPATH_SEARCH_PATHS = (
					"$(inherited)",
					"@executable_path/Frameworks",
					"@loader_path/Frameworks",
				);
				PRODUCT_BUNDLE_IDENTIFIER = com.ladyc.TabSliderDemoTests;
				PRODUCT_NAME = "$(TARGET_NAME)";
				SWIFT_VERSION = 4.2;
				TARGETED_DEVICE_FAMILY = "1,2";
				TEST_HOST = "$(BUILT_PRODUCTS_DIR)/TabSliderDemo.app/TabSliderDemo";
			};
			name = Debug;
		};
		BF50964A21A55DBD00406A16 /* Release */ = {
			isa = XCBuildConfiguration;
			buildSettings = {
				ALWAYS_EMBED_SWIFT_STANDARD_LIBRARIES = YES;
				BUNDLE_LOADER = "$(TEST_HOST)";
				CODE_SIGN_STYLE = Automatic;
				DEVELOPMENT_TEAM = RJ8X6ZPW2T;
				INFOPLIST_FILE = TabSliderDemoTests/Info.plist;
				LD_RUNPATH_SEARCH_PATHS = (
					"$(inherited)",
					"@executable_path/Frameworks",
					"@loader_path/Frameworks",
				);
				PRODUCT_BUNDLE_IDENTIFIER = com.ladyc.TabSliderDemoTests;
				PRODUCT_NAME = "$(TARGET_NAME)";
				SWIFT_VERSION = 4.2;
				TARGETED_DEVICE_FAMILY = "1,2";
				TEST_HOST = "$(BUILT_PRODUCTS_DIR)/TabSliderDemo.app/TabSliderDemo";
			};
			name = Release;
		};
		BF50964C21A55DBD00406A16 /* Debug */ = {
			isa = XCBuildConfiguration;
			buildSettings = {
				ALWAYS_EMBED_SWIFT_STANDARD_LIBRARIES = YES;
				CODE_SIGN_STYLE = Automatic;
				DEVELOPMENT_TEAM = RJ8X6ZPW2T;
				INFOPLIST_FILE = TabSliderDemoUITests/Info.plist;
				LD_RUNPATH_SEARCH_PATHS = (
					"$(inherited)",
					"@executable_path/Frameworks",
					"@loader_path/Frameworks",
				);
				PRODUCT_BUNDLE_IDENTIFIER = com.ladyc.TabSliderDemoUITests;
				PRODUCT_NAME = "$(TARGET_NAME)";
				SWIFT_VERSION = 4.2;
				TARGETED_DEVICE_FAMILY = "1,2";
				TEST_TARGET_NAME = TabSliderDemo;
			};
			name = Debug;
		};
		BF50964D21A55DBD00406A16 /* Release */ = {
			isa = XCBuildConfiguration;
			buildSettings = {
				ALWAYS_EMBED_SWIFT_STANDARD_LIBRARIES = YES;
				CODE_SIGN_STYLE = Automatic;
				DEVELOPMENT_TEAM = RJ8X6ZPW2T;
				INFOPLIST_FILE = TabSliderDemoUITests/Info.plist;
				LD_RUNPATH_SEARCH_PATHS = (
					"$(inherited)",
					"@executable_path/Frameworks",
					"@loader_path/Frameworks",
				);
				PRODUCT_BUNDLE_IDENTIFIER = com.ladyc.TabSliderDemoUITests;
				PRODUCT_NAME = "$(TARGET_NAME)";
				SWIFT_VERSION = 4.2;
				TARGETED_DEVICE_FAMILY = "1,2";
				TEST_TARGET_NAME = TabSliderDemo;
			};
			name = Release;
		};
/* End XCBuildConfiguration section */

/* Begin XCConfigurationList section */
		BF50961821A55DBB00406A16 /* Build configuration list for PBXProject "TabSliderDemo" */ = {
			isa = XCConfigurationList;
			buildConfigurations = (
				BF50964321A55DBD00406A16 /* Debug */,
				BF50964421A55DBD00406A16 /* Release */,
			);
			defaultConfigurationIsVisible = 0;
			defaultConfigurationName = Release;
		};
		BF50964521A55DBD00406A16 /* Build configuration list for PBXNativeTarget "TabSliderDemo" */ = {
			isa = XCConfigurationList;
			buildConfigurations = (
				BF50964621A55DBD00406A16 /* Debug */,
				BF50964721A55DBD00406A16 /* Release */,
			);
			defaultConfigurationIsVisible = 0;
			defaultConfigurationName = Release;
		};
		BF50964821A55DBD00406A16 /* Build configuration list for PBXNativeTarget "TabSliderDemoTests" */ = {
			isa = XCConfigurationList;
			buildConfigurations = (
				BF50964921A55DBD00406A16 /* Debug */,
				BF50964A21A55DBD00406A16 /* Release */,
			);
			defaultConfigurationIsVisible = 0;
			defaultConfigurationName = Release;
		};
		BF50964B21A55DBD00406A16 /* Build configuration list for PBXNativeTarget "TabSliderDemoUITests" */ = {
			isa = XCConfigurationList;
			buildConfigurations = (
				BF50964C21A55DBD00406A16 /* Debug */,
				BF50964D21A55DBD00406A16 /* Release */,
			);
			defaultConfigurationIsVisible = 0;
			defaultConfigurationName = Release;
		};
/* End XCConfigurationList section */
	};
	rootObject = BF50961521A55DBB00406A16 /* Project object */;
}
